
Microsoft Visual Studio Solution File, Format Version 12.00
# Visual Studio Version 17
VisualStudioVersion = 17.11.35312.102
MinimumVisualStudioVersion = 10.0.40219.1
Project("{FAE04EC0-301F-11D3-BF4B-00C04F79EFBC}") = "Week4_7", "Week4_7\Week4_7.csproj", "{4E517414-8020-4C13-8F34-B2F86D990C8A}"
EndProject
Global
	GlobalSection(SolutionConfigurationPlatforms) = preSolution
		Debug|Any CPU = Debug|Any CPU
		Release|Any CPU = Release|Any CPU
	EndGlobalSection
	GlobalSection(ProjectConfigurationPlatforms) = postSolution
		{4E517414-8020-4C13-8F34-B2F86D990C8A}.Debug|Any CPU.ActiveCfg = Debug|Any CPU
		{4E517414-8020-4C13-8F34-B2F86D990C8A}.Debug|Any CPU.Build.0 = Debug|Any CPU
		{4E517414-8020-4C13-8F34-B2F86D990C8A}.Release|Any CPU.ActiveCfg = Release|Any CPU
		{4E517414-8020-4C13-8F34-B2F86D990C8A}.Release|Any CPU.Build.0 = Release|Any CPU
	EndGlobalSection
	GlobalSection(SolutionProperties) = preSolution
		HideSolutionNode = FALSE
	EndGlobalSection
	GlobalSection(ExtensibilityGlobals) = postSolution
		SolutionGuid = {6E32AC72-0847-454C-A277-ACF260CA1B81}
	EndGlobalSection
EndGlobal
