
Microsoft Visual Studio Solution File, Format Version 12.00
# Visual Studio Version 17
VisualStudioVersion = 17.11.35312.102
MinimumVisualStudioVersion = 10.0.40219.1
Project("{FAE04EC0-301F-11D3-BF4B-00C04F79EFBC}") = "Week3_6", "Week3_6\Week3_6.csproj", "{37C52DAC-EC48-410F-ADD9-23B313F98897}"
EndProject
Global
	GlobalSection(SolutionConfigurationPlatforms) = preSolution
		Debug|Any CPU = Debug|Any CPU
		Release|Any CPU = Release|Any CPU
	EndGlobalSection
	GlobalSection(ProjectConfigurationPlatforms) = postSolution
		{37C52DAC-EC48-410F-ADD9-23B313F98897}.Debug|Any CPU.ActiveCfg = Debug|Any CPU
		{37C52DAC-EC48-410F-ADD9-23B313F98897}.Debug|Any CPU.Build.0 = Debug|Any CPU
		{37C52DAC-EC48-410F-ADD9-23B313F98897}.Release|Any CPU.ActiveCfg = Release|Any CPU
		{37C52DAC-EC48-410F-ADD9-23B313F98897}.Release|Any CPU.Build.0 = Release|Any CPU
	EndGlobalSection
	GlobalSection(SolutionProperties) = preSolution
		HideSolutionNode = FALSE
	EndGlobalSection
	GlobalSection(ExtensibilityGlobals) = postSolution
		SolutionGuid = {0A0EB102-FEB8-4E36-9676-B7E42F216E5F}
	EndGlobalSection
EndGlobal
