
Microsoft Visual Studio Solution File, Format Version 12.00
# Visual Studio Version 17
VisualStudioVersion = 17.11.35312.102
MinimumVisualStudioVersion = 10.0.40219.1
Project("{FAE04EC0-301F-11D3-BF4B-00C04F79EFBC}") = "Week5_7", "Week5_7\Week5_7.csproj", "{4324DE7D-E107-41FC-9F28-E432FA7A91CB}"
EndProject
Global
	GlobalSection(SolutionConfigurationPlatforms) = preSolution
		Debug|Any CPU = Debug|Any CPU
		Release|Any CPU = Release|Any CPU
	EndGlobalSection
	GlobalSection(ProjectConfigurationPlatforms) = postSolution
		{4324DE7D-E107-41FC-9F28-E432FA7A91CB}.Debug|Any CPU.ActiveCfg = Debug|Any CPU
		{4324DE7D-E107-41FC-9F28-E432FA7A91CB}.Debug|Any CPU.Build.0 = Debug|Any CPU
		{4324DE7D-E107-41FC-9F28-E432FA7A91CB}.Release|Any CPU.ActiveCfg = Release|Any CPU
		{4324DE7D-E107-41FC-9F28-E432FA7A91CB}.Release|Any CPU.Build.0 = Release|Any CPU
	EndGlobalSection
	GlobalSection(SolutionProperties) = preSolution
		HideSolutionNode = FALSE
	EndGlobalSection
	GlobalSection(ExtensibilityGlobals) = postSolution
		SolutionGuid = {CCB6F91F-E5E7-4381-A355-0BAC7629E614}
	EndGlobalSection
EndGlobal
