
Microsoft Visual Studio Solution File, Format Version 12.00
# Visual Studio Version 17
VisualStudioVersion = 17.11.35312.102
MinimumVisualStudioVersion = 10.0.40219.1
Project("{FAE04EC0-301F-11D3-BF4B-00C04F79EFBC}") = "Week3_1", "Week3_1\Week3_1.csproj", "{87570690-97CF-42D1-8354-1D7B6B4F826E}"
EndProject
Global
	GlobalSection(SolutionConfigurationPlatforms) = preSolution
		Debug|Any CPU = Debug|Any CPU
		Release|Any CPU = Release|Any CPU
	EndGlobalSection
	GlobalSection(ProjectConfigurationPlatforms) = postSolution
		{87570690-97CF-42D1-8354-1D7B6B4F826E}.Debug|Any CPU.ActiveCfg = Debug|Any CPU
		{87570690-97CF-42D1-8354-1D7B6B4F826E}.Debug|Any CPU.Build.0 = Debug|Any CPU
		{87570690-97CF-42D1-8354-1D7B6B4F826E}.Release|Any CPU.ActiveCfg = Release|Any CPU
		{87570690-97CF-42D1-8354-1D7B6B4F826E}.Release|Any CPU.Build.0 = Release|Any CPU
	EndGlobalSection
	GlobalSection(SolutionProperties) = preSolution
		HideSolutionNode = FALSE
	EndGlobalSection
	GlobalSection(ExtensibilityGlobals) = postSolution
		SolutionGuid = {05B671D9-B543-456E-8354-575E2F6E183C}
	EndGlobalSection
EndGlobal
