
Microsoft Visual Studio Solution File, Format Version 12.00
# Visual Studio Version 17
VisualStudioVersion = 17.11.35312.102
MinimumVisualStudioVersion = 10.0.40219.1
Project("{FAE04EC0-301F-11D3-BF4B-00C04F79EFBC}") = "Week2_3", "Week2_3\Week2_3.csproj", "{C85790D3-54AD-4DC2-A548-F2008C80AA81}"
EndProject
Global
	GlobalSection(SolutionConfigurationPlatforms) = preSolution
		Debug|Any CPU = Debug|Any CPU
		Release|Any CPU = Release|Any CPU
	EndGlobalSection
	GlobalSection(ProjectConfigurationPlatforms) = postSolution
		{C85790D3-54AD-4DC2-A548-F2008C80AA81}.Debug|Any CPU.ActiveCfg = Debug|Any CPU
		{C85790D3-54AD-4DC2-A548-F2008C80AA81}.Debug|Any CPU.Build.0 = Debug|Any CPU
		{C85790D3-54AD-4DC2-A548-F2008C80AA81}.Release|Any CPU.ActiveCfg = Release|Any CPU
		{C85790D3-54AD-4DC2-A548-F2008C80AA81}.Release|Any CPU.Build.0 = Release|Any CPU
	EndGlobalSection
	GlobalSection(SolutionProperties) = preSolution
		HideSolutionNode = FALSE
	EndGlobalSection
	GlobalSection(ExtensibilityGlobals) = postSolution
		SolutionGuid = {DDE8612D-B982-4787-90E8-D00B9D231EDF}
	EndGlobalSection
EndGlobal
