
Microsoft Visual Studio Solution File, Format Version 12.00
# Visual Studio Version 17
VisualStudioVersion = 17.11.35312.102
MinimumVisualStudioVersion = 10.0.40219.1
Project("{FAE04EC0-301F-11D3-BF4B-00C04F79EFBC}") = "Week5_1", "Week5_1\Week5_1.csproj", "{7AB019D4-DF2B-4159-90F7-D2C9D109380A}"
EndProject
Global
	GlobalSection(SolutionConfigurationPlatforms) = preSolution
		Debug|Any CPU = Debug|Any CPU
		Release|Any CPU = Release|Any CPU
	EndGlobalSection
	GlobalSection(ProjectConfigurationPlatforms) = postSolution
		{7AB019D4-DF2B-4159-90F7-D2C9D109380A}.Debug|Any CPU.ActiveCfg = Debug|Any CPU
		{7AB019D4-DF2B-4159-90F7-D2C9D109380A}.Debug|Any CPU.Build.0 = Debug|Any CPU
		{7AB019D4-DF2B-4159-90F7-D2C9D109380A}.Release|Any CPU.ActiveCfg = Release|Any CPU
		{7AB019D4-DF2B-4159-90F7-D2C9D109380A}.Release|Any CPU.Build.0 = Release|Any CPU
	EndGlobalSection
	GlobalSection(SolutionProperties) = preSolution
		HideSolutionNode = FALSE
	EndGlobalSection
	GlobalSection(ExtensibilityGlobals) = postSolution
		SolutionGuid = {AE09BC0E-DF78-4CE5-A654-BC7717A0F221}
	EndGlobalSection
EndGlobal
